Microsoft Visual Studio Solution File, Format Version 12.00
# Visual Studio Version 17
VisualStudioVersion = 17.5.2.0
MinimumVisualStudioVersion = 10.0.40219.1
Project("{FAE04EC0-301F-11D3-BF4B-00C04F79EFBC}") = "FizzBuzz.Tests", "FizzBuzz.Tests\FizzBuzz.Tests.csproj", "{2160F768-D0DA-889D-648E-5B3B183D2604}"
EndProject
Project("{FAE04EC0-301F-11D3-BF4B-00C04F79EFBC}") = "FizzBuzz.Core", "FizzBuzz.Core\FizzBuzz.Core.csproj", "{B85304AE-2002-658C-9EF6-8864D43812DC}"
EndProject
Global
	GlobalSection(SolutionConfigurationPlatforms) = preSolution
		Debug|Any CPU = Debug|Any CPU
		Release|Any CPU = Release|Any CPU
	EndGlobalSection
	GlobalSection(ProjectConfigurationPlatforms) = postSolution
		{2160F768-D0DA-889D-648E-5B3B183D2604}.Debug|Any CPU.ActiveCfg = Debug|Any CPU
		{2160F768-D0DA-889D-648E-5B3B183D2604}.Debug|Any CPU.Build.0 = Debug|Any CPU
		{2160F768-D0DA-889D-648E-5B3B183D2604}.Release|Any CPU.ActiveCfg = Release|Any CPU
		{2160F768-D0DA-889D-648E-5B3B183D2604}.Release|Any CPU.Build.0 = Release|Any CPU
		{B85304AE-2002-658C-9EF6-8864D43812DC}.Debug|Any CPU.ActiveCfg = Debug|Any CPU
		{B85304AE-2002-658C-9EF6-8864D43812DC}.Debug|Any CPU.Build.0 = Debug|Any CPU
		{B85304AE-2002-658C-9EF6-8864D43812DC}.Release|Any CPU.ActiveCfg = Release|Any CPU
		{B85304AE-2002-658C-9EF6-8864D43812DC}.Release|Any CPU.Build.0 = Release|Any CPU
	EndGlobalSection
	GlobalSection(SolutionProperties) = preSolution
		HideSolutionNode = FALSE
	EndGlobalSection
	GlobalSection(ExtensibilityGlobals) = postSolution
		SolutionGuid = {130850A3-4BBA-40CE-83B5-ED5BF7BE5B38}
	EndGlobalSection
EndGlobal
